
Microsoft Visual Studio Solution File, Format Version 12.00
# Visual Studio Version 16
VisualStudioVersion = 16.0.29411.108
MinimumVisualStudioVersion = 10.0.40219.1
Project("{FAE04EC0-301F-11D3-BF4B-00C04F79EFBC}") = "MvcCsproj", "MvcCsproj\MvcCsproj.csproj", "{3D6383A1-5DB3-46F1-B588-CCD0AB8BBA4E}"
EndProject
Project("{9A19103F-16F7-4668-BE54-9A1E7A4F7556}") = "MvcSdk", "MvcSdk\MvcSdk.csproj", "{6318B855-B5EA-49DA-A531-C8C3FC080E83}"
EndProject
Project("{2150E333-8FDC-42A3-9474-1A3956D46DE8}") = "build", "build", "{93C0F956-16FD-4380-B824-3331B1D21AF1}"
	ProjectSection(SolutionItems) = preProject
		build\SystemWebSdk.props = build\SystemWebSdk.props
		build\SystemWebSdk.targets = build\SystemWebSdk.targets
	EndProjectSection
EndProject
Project("{FAE04EC0-301F-11D3-BF4B-00C04F79EFBC}") = "WebApiSdk", "WebApiSdk\WebApiSdk.csproj", "{0C5845FC-3508-474F-B23D-2F7B64240A40}"
EndProject
Project("{FAE04EC0-301F-11D3-BF4B-00C04F79EFBC}") = "WebApiCsproj", "WebApiCsproj\WebApiCsproj.csproj", "{A26AB562-C10B-49EF-99D1-1D4BC27E16B3}"
EndProject
Global
	GlobalSection(SolutionConfigurationPlatforms) = preSolution
		Debug|Any CPU = Debug|Any CPU
		Release|Any CPU = Release|Any CPU
	EndGlobalSection
	GlobalSection(ProjectConfigurationPlatforms) = postSolution
		{3D6383A1-5DB3-46F1-B588-CCD0AB8BBA4E}.Debug|Any CPU.ActiveCfg = Debug|Any CPU
		{3D6383A1-5DB3-46F1-B588-CCD0AB8BBA4E}.Debug|Any CPU.Build.0 = Debug|Any CPU
		{3D6383A1-5DB3-46F1-B588-CCD0AB8BBA4E}.Release|Any CPU.ActiveCfg = Release|Any CPU
		{3D6383A1-5DB3-46F1-B588-CCD0AB8BBA4E}.Release|Any CPU.Build.0 = Release|Any CPU
		{6318B855-B5EA-49DA-A531-C8C3FC080E83}.Debug|Any CPU.ActiveCfg = Debug|Any CPU
		{6318B855-B5EA-49DA-A531-C8C3FC080E83}.Debug|Any CPU.Build.0 = Debug|Any CPU
		{6318B855-B5EA-49DA-A531-C8C3FC080E83}.Release|Any CPU.ActiveCfg = Release|Any CPU
		{6318B855-B5EA-49DA-A531-C8C3FC080E83}.Release|Any CPU.Build.0 = Release|Any CPU
		{0C5845FC-3508-474F-B23D-2F7B64240A40}.Debug|Any CPU.ActiveCfg = Debug|Any CPU
		{0C5845FC-3508-474F-B23D-2F7B64240A40}.Debug|Any CPU.Build.0 = Debug|Any CPU
		{0C5845FC-3508-474F-B23D-2F7B64240A40}.Release|Any CPU.ActiveCfg = Release|Any CPU
		{0C5845FC-3508-474F-B23D-2F7B64240A40}.Release|Any CPU.Build.0 = Release|Any CPU
		{A26AB562-C10B-49EF-99D1-1D4BC27E16B3}.Debug|Any CPU.ActiveCfg = Debug|Any CPU
		{A26AB562-C10B-49EF-99D1-1D4BC27E16B3}.Debug|Any CPU.Build.0 = Debug|Any CPU
		{A26AB562-C10B-49EF-99D1-1D4BC27E16B3}.Release|Any CPU.ActiveCfg = Release|Any CPU
		{A26AB562-C10B-49EF-99D1-1D4BC27E16B3}.Release|Any CPU.Build.0 = Release|Any CPU
	EndGlobalSection
	GlobalSection(SolutionProperties) = preSolution
		HideSolutionNode = FALSE
	EndGlobalSection
	GlobalSection(ExtensibilityGlobals) = postSolution
		SolutionGuid = {60E94455-BD41-4E1B-B5A0-F85AF10BE065}
	EndGlobalSection
EndGlobal
